
Microsoft Visual Studio Solution File, Format Version 12.00
# Visual Studio Version 17
VisualStudioVersion = 17.11.35219.272
MinimumVisualStudioVersion = 10.0.40219.1
Project("{9A19103F-16F7-4668-BE54-9A1E7A4F7556}") = "SistemaGestionDeCitas", "SistemaGestionDeCitas\SistemaGestionDeCitas.csproj", "{A8D8311C-769F-4C36-8B40-B223907A4C16}"
EndProject
Global
	GlobalSection(SolutionConfigurationPlatforms) = preSolution
		Debug|Any CPU = Debug|Any CPU
		Release|Any CPU = Release|Any CPU
	EndGlobalSection
	GlobalSection(ProjectConfigurationPlatforms) = postSolution
		{A8D8311C-769F-4C36-8B40-B223907A4C16}.Debug|Any CPU.ActiveCfg = Debug|Any CPU
		{A8D8311C-769F-4C36-8B40-B223907A4C16}.Debug|Any CPU.Build.0 = Debug|Any CPU
		{A8D8311C-769F-4C36-8B40-B223907A4C16}.Release|Any CPU.ActiveCfg = Release|Any CPU
		{A8D8311C-769F-4C36-8B40-B223907A4C16}.Release|Any CPU.Build.0 = Release|Any CPU
	EndGlobalSection
	GlobalSection(SolutionProperties) = preSolution
		HideSolutionNode = FALSE
	EndGlobalSection
	GlobalSection(ExtensibilityGlobals) = postSolution
		SolutionGuid = {16BFF03B-3B7B-41CF-8811-6E50E71E36A6}
	EndGlobalSection
EndGlobal
